// !$*UTF8*$!
{
	archiveVersion = 1;
	classes = {
	};
	objectVersion = 50;
	objects = {

/* Begin PBXBuildFile section */
		C3B37CC325F7B87400AA3484 /* AppDelegate.swift in Sources */ = {isa = PBXBuildFile; fileRef = C3B37CC225F7B87400AA3484 /* AppDelegate.swift */; };
		C3B37CC525F7B87400AA3484 /* SceneDelegate.swift in Sources */ = {isa = PBXBuildFile; fileRef = C3B37CC425F7B87400AA3484 /* SceneDelegate.swift */; };
		C3B37CC725F7B87400AA3484 /* ViewController.swift in Sources */ = {isa = PBXBuildFile; fileRef = C3B37CC625F7B87400AA3484 /* ViewController.swift */; };
		C3B37CCA25F7B87400AA3484 /* Main.storyboard in Resources */ = {isa = PBXBuildFile; fileRef = C3B37CC825F7B87400AA3484 /* Main.storyboard */; };
		C3B37CCD25F7B87400AA3484 /* navigation_stack_view.xcdatamodeld in Sources */ = {isa = PBXBuildFile; fileRef = C3B37CCB25F7B87400AA3484 /* navigation_stack_view.xcdatamodeld */; };
		C3B37CCF25F7B87500AA3484 /* Assets.xcassets in Resources */ = {isa = PBXBuildFile; fileRef = C3B37CCE25F7B87500AA3484 /* Assets.xcassets */; };
		C3B37CD225F7B87500AA3484 /* LaunchScreen.storyboard in Resources */ = {isa = PBXBuildFile; fileRef = C3B37CD025F7B87500AA3484 /* LaunchScreen.storyboard */; };
/* End PBXBuildFile section */

/* Begin PBXFileReference section */
		C3B37CBF25F7B87400AA3484 /* navigation_stack_view.app */ = {isa = PBXFileReference; explicitFileType = wrapper.application; includeInIndex = 0; path = navigation_stack_view.app; sourceTree = BUILT_PRODUCTS_DIR; };
		C3B37CC225F7B87400AA3484 /* AppDelegate.swift */ = {isa = PBXFileReference; lastKnownFileType = sourcecode.swift; path = AppDelegate.swift; sourceTree = "<group>"; };
		C3B37CC425F7B87400AA3484 /* SceneDelegate.swift */ = {isa = PBXFileReference; lastKnownFileType = sourcecode.swift; path = SceneDelegate.swift; sourceTree = "<group>"; };
		C3B37CC625F7B87400AA3484 /* ViewController.swift */ = {isa = PBXFileReference; lastKnownFileType = sourcecode.swift; path = ViewController.swift; sourceTree = "<group>"; };
		C3B37CC925F7B87400AA3484 /* Base */ = {isa = PBXFileReference; lastKnownFileType = file.storyboard; name = Base; path = Base.lproj/Main.storyboard; sourceTree = "<group>"; };
		C3B37CCC25F7B87400AA3484 /* navigation_stack_view.xcdatamodel */ = {isa = PBXFileReference; lastKnownFileType = wrapper.xcdatamodel; path = navigation_stack_view.xcdatamodel; sourceTree = "<group>"; };
		C3B37CCE25F7B87500AA3484 /* Assets.xcassets */ = {isa = PBXFileReference; lastKnownFileType = folder.assetcatalog; path = Assets.xcassets; sourceTree = "<group>"; };
		C3B37CD125F7B87500AA3484 /* Base */ = {isa = PBXFileReference; lastKnownFileType = file.storyboard; name = Base; path = Base.lproj/LaunchScreen.storyboard; sourceTree = "<group>"; };
		C3B37CD325F7B87500AA3484 /* Info.plist */ = {isa = PBXFileReference; lastKnownFileType = text.plist.xml; path = Info.plist; sourceTree = "<group>"; };
/* End PBXFileReference section */

/* Begin PBXFrameworksBuildPhase section */
		C3B37CBC25F7B87400AA3484 /* Frameworks */ = {
			isa = PBXFrameworksBuildPhase;
			buildActionMask = 2147483647;
			files = (
			);
			runOnlyForDeploymentPostprocessing = 0;
		};
/* End PBXFrameworksBuildPhase section */

/* Begin PBXGroup section */
		C3B37CB625F7B87400AA3484 = {
			isa = PBXGroup;
			children = (
				C3B37CC125F7B87400AA3484 /* navigation_stack_view */,
				C3B37CC025F7B87400AA3484 /* Products */,
			);
			sourceTree = "<group>";
		};
		C3B37CC025F7B87400AA3484 /* Products */ = {
			isa = PBXGroup;
			children = (
				C3B37CBF25F7B87400AA3484 /* navigation_stack_view.app */,
			);
			name = Products;
			sourceTree = "<group>";
		};
		C3B37CC125F7B87400AA3484 /* navigation_stack_view */ = {
			isa = PBXGroup;
			children = (
				C3B37CC225F7B87400AA3484 /* AppDelegate.swift */,
				C3B37CC425F7B87400AA3484 /* SceneDelegate.swift */,
				C3B37CC625F7B87400AA3484 /* ViewController.swift */,
				C3B37CC825F7B87400AA3484 /* Main.storyboard */,
				C3B37CCE25F7B87500AA3484 /* Assets.xcassets */,
				C3B37CD025F7B87500AA3484 /* LaunchScreen.storyboard */,
				C3B37CD325F7B87500AA3484 /* Info.plist */,
				C3B37CCB25F7B87400AA3484 /* navigation_stack_view.xcdatamodeld */,
			);
			path = navigation_stack_view;
			sourceTree = "<group>";
		};
/* End PBXGroup section */

/* Begin PBXNativeTarget section */
		C3B37CBE25F7B87400AA3484 /* navigation_stack_view */ = {
			isa = PBXNativeTarget;
			buildConfigurationList = C3B37CD625F7B87500AA3484 /* Build configuration list for PBXNativeTarget "navigation_stack_view" */;
			buildPhases = (
				C3B37CBB25F7B87400AA3484 /* Sources */,
				C3B37CBC25F7B87400AA3484 /* Frameworks */,
				C3B37CBD25F7B87400AA3484 /* Resources */,
			);
			buildRules = (
			);
			dependencies = (
			);
			name = navigation_stack_view;
			productName = navigation_stack_view;
			productReference = C3B37CBF25F7B87400AA3484 /* navigation_stack_view.app */;
			productType = "com.apple.product-type.application";
		};
/* End PBXNativeTarget section */

/* Begin PBXProject section */
		C3B37CB725F7B87400AA3484 /* Project object */ = {
			isa = PBXProject;
			attributes = {
				LastSwiftUpdateCheck = 1240;
				LastUpgradeCheck = 1240;
				TargetAttributes = {
					C3B37CBE25F7B87400AA3484 = {
						CreatedOnToolsVersion = 12.4;
					};
				};
			};
			buildConfigurationList = C3B37CBA25F7B87400AA3484 /* Build configuration list for PBXProject "navigation_stack_view" */;
			compatibilityVersion = "Xcode 9.3";
			developmentRegion = en;
			hasScannedForEncodings = 0;
			knownRegions = (
				en,
				Base,
			);
			mainGroup = C3B37CB625F7B87400AA3484;
			productRefGroup = C3B37CC025F7B87400AA3484 /* Products */;
			projectDirPath = "";
			projectRoot = "";
			targets = (
				C3B37CBE25F7B87400AA3484 /* navigation_stack_view */,
			);
		};
/* End PBXProject section */

/* Begin PBXResourcesBuildPhase section */
		C3B37CBD25F7B87400AA3484 /* Resources */ = {
			isa = PBXResourcesBuildPhase;
			buildActionMask = 2147483647;
			files = (
				C3B37CD225F7B87500AA3484 /* LaunchScreen.storyboard in Resources */,
				C3B37CCF25F7B87500AA3484 /* Assets.xcassets in Resources */,
				C3B37CCA25F7B87400AA3484 /* Main.storyboard in Resources */,
			);
			runOnlyForDeploymentPostprocessing = 0;
		};
/* End PBXResourcesBuildPhase section */

/* Begin PBXSourcesBuildPhase section */
		C3B37CBB25F7B87400AA3484 /* Sources */ = {
			isa = PBXSourcesBuildPhase;
			buildActionMask = 2147483647;
			files = (
				C3B37CC725F7B87400AA3484 /* ViewController.swift in Sources */,
				C3B37CCD25F7B87400AA3484 /* navigation_stack_view.xcdatamodeld in Sources */,
				C3B37CC325F7B87400AA3484 /* AppDelegate.swift in Sources */,
				C3B37CC525F7B87400AA3484 /* SceneDelegate.swift in Sources */,
			);
			runOnlyForDeploymentPostprocessing = 0;
		};
/* End PBXSourcesBuildPhase section */

/* Begin PBXVariantGroup section */
		C3B37CC825F7B87400AA3484 /* Main.storyboard */ = {
			isa = PBXVariantGroup;
			children = (
				C3B37CC925F7B87400AA3484 /* Base */,
			);
			name = Main.storyboard;
			sourceTree = "<group>";
		};
		C3B37CD025F7B87500AA3484 /* LaunchScreen.storyboard */ = {
			isa = PBXVariantGroup;
			children = (
				C3B37CD125F7B87500AA3484 /* Base */,
			);
			name = LaunchScreen.storyboard;
			sourceTree = "<group>";
		};
/* End PBXVariantGroup section */

/* Begin XCBuildConfiguration section */
		C3B37CD425F7B87500AA3484 /* Debug */ = {
			isa = XCBuildConfiguration;
			buildSettings = {
				ALWAYS_SEARCH_USER_PATHS = NO;
				CLANG_ANALYZER_NONNULL = YES;
				CLANG_ANALYZER_NUMBER_OBJECT_CONVERSION = YES_AGGRESSIVE;
				CLANG_CXX_LANGUAGE_STANDARD = "gnu++14";
				CLANG_CXX_LIBRARY = "libc++";
				CLANG_ENABLE_MODULES = YES;
				CLANG_ENABLE_OBJC_ARC = YES;
				CLANG_ENABLE_OBJC_WEAK = YES;
				CLANG_WARN_BLOCK_CAPTURE_AUTORELEASING = YES;
				CLANG_WARN_BOOL_CONVERSION = YES;
				CLANG_WARN_COMMA = YES;
				CLANG_WARN_CONSTANT_CONVERSION = YES;
				CLANG_WARN_DEPRECATED_OBJC_IMPLEMENTATIONS = YES;
				CLANG_WARN_DIRECT_OBJC_ISA_USAGE = YES_ERROR;
				CLANG_WARN_DOCUMENTATION_COMMENTS = YES;
				CLANG_WARN_EMPTY_BODY = YES;
				CLANG_WARN_ENUM_CONVERSION = YES;
				CLANG_WARN_INFINITE_RECURSION = YES;
				CLANG_WARN_INT_CONVERSION = YES;
				CLANG_WARN_NON_LITERAL_NULL_CONVERSION = YES;
				CLANG_WARN_OBJC_IMPLICIT_RETAIN_SELF = YES;
				CLANG_WARN_OBJC_LITERAL_CONVERSION = YES;
				CLANG_WARN_OBJC_ROOT_CLASS = YES_ERROR;
				CLANG_WARN_QUOTED_INCLUDE_IN_FRAMEWORK_HEADER = YES;
				CLANG_WARN_RANGE_LOOP_ANALYSIS = YES;
				CLANG_WARN_STRICT_PROTOTYPES = YES;
				CLANG_WARN_SUSPICIOUS_MOVE = YES;
				CLANG_WARN_UNGUARDED_AVAILABILITY = YES_AGGRESSIVE;
				CLANG_WARN_UNREACHABLE_CODE = YES;
				CLANG_WARN__DUPLICATE_METHOD_MATCH = YES;
				COPY_PHASE_STRIP = NO;
				DEBUG_INFORMATION_FORMAT = dwarf;
				ENABLE_STRICT_OBJC_MSGSEND = YES;
				ENABLE_TESTABILITY = YES;
				GCC_C_LANGUAGE_STANDARD = gnu11;
				GCC_DYNAMIC_NO_PIC = NO;
				GCC_NO_COMMON_BLOCKS = YES;
				GCC_OPTIMIZATION_LEVEL = 0;
				GCC_PREPROCESSOR_DEFINITIONS = (
					"DEBUG=1",
					"$(inherited)",
				);
				GCC_WARN_64_TO_32_BIT_CONVERSION = YES;
				GCC_WARN_ABOUT_RETURN_TYPE = YES_ERROR;
				GCC_WARN_UNDECLARED_SELECTOR = YES;
				GCC_WARN_UNINITIALIZED_AUTOS = YES_AGGRESSIVE;
				GCC_WARN_UNUSED_FUNCTION = YES;
				GCC_WARN_UNUSED_VARIABLE = YES;
				IPHONEOS_DEPLOYMENT_TARGET = 14.4;
				MTL_ENABLE_DEBUG_INFO = INCLUDE_SOURCE;
				MTL_FAST_MATH = YES;
				ONLY_ACTIVE_ARCH = YES;
				SDKROOT = iphoneos;
				SWIFT_ACTIVE_COMPILATION_CONDITIONS = DEBUG;
				SWIFT_OPTIMIZATION_LEVEL = "-Onone";
			};
			name = Debug;
		};
		C3B37CD525F7B87500AA3484 /* Release */ = {
			isa = XCBuildConfiguration;
			buildSettings = {
				ALWAYS_SEARCH_USER_PATHS = NO;
				CLANG_ANALYZER_NONNULL = YES;
				CLANG_ANALYZER_NUMBER_OBJECT_CONVERSION = YES_AGGRESSIVE;
				CLANG_CXX_LANGUAGE_STANDARD = "gnu++14";
				CLANG_CXX_LIBRARY = "libc++";
				CLANG_ENABLE_MODULES = YES;
				CLANG_ENABLE_OBJC_ARC = YES;
				CLANG_ENABLE_OBJC_WEAK = YES;
				CLANG_WARN_BLOCK_CAPTURE_AUTORELEASING = YES;
				CLANG_WARN_BOOL_CONVERSION = YES;
				CLANG_WARN_COMMA = YES;
				CLANG_WARN_CONSTANT_CONVERSION = YES;
				CLANG_WARN_DEPRECATED_OBJC_IMPLEMENTATIONS = YES;
				CLANG_WARN_DIRECT_OBJC_ISA_USAGE = YES_ERROR;
				CLANG_WARN_DOCUMENTATION_COMMENTS = YES;
				CLANG_WARN_EMPTY_BODY = YES;
				CLANG_WARN_ENUM_CONVERSION = YES;
				CLANG_WARN_INFINITE_RECURSION = YES;
				CLANG_WARN_INT_CONVERSION = YES;
				CLANG_WARN_NON_LITERAL_NULL_CONVERSION = YES;
				CLANG_WARN_OBJC_IMPLICIT_RETAIN_SELF = YES;
				CLANG_WARN_OBJC_LITERAL_CONVERSION = YES;
				CLANG_WARN_OBJC_ROOT_CLASS = YES_ERROR;
				CLANG_WARN_QUOTED_INCLUDE_IN_FRAMEWORK_HEADER = YES;
				CLANG_WARN_RANGE_LOOP_ANALYSIS = YES;
				CLANG_WARN_STRICT_PROTOTYPES = YES;
				CLANG_WARN_SUSPICIOUS_MOVE = YES;
				CLANG_WARN_UNGUARDED_AVAILABILITY = YES_AGGRESSIVE;
				CLANG_WARN_UNREACHABLE_CODE = YES;
				CLANG_WARN__DUPLICATE_METHOD_MATCH = YES;
				COPY_PHASE_STRIP = NO;
				DEBUG_INFORMATION_FORMAT = "dwarf-with-dsym";
				ENABLE_NS_ASSERTIONS = NO;
				ENABLE_STRICT_OBJC_MSGSEND = YES;
				GCC_C_LANGUAGE_STANDARD = gnu11;
				GCC_NO_COMMON_BLOCKS = YES;
				GCC_WARN_64_TO_32_BIT_CONVERSION = YES;
				GCC_WARN_ABOUT_RETURN_TYPE = YES_ERROR;
				GCC_WARN_UNDECLARED_SELECTOR = YES;
				GCC_WARN_UNINITIALIZED_AUTOS = YES_AGGRESSIVE;
				GCC_WARN_UNUSED_FUNCTION = YES;
				GCC_WARN_UNUSED_VARIABLE = YES;
				IPHONEOS_DEPLOYMENT_TARGET = 14.4;
				MTL_ENABLE_DEBUG_INFO = NO;
				MTL_FAST_MATH = YES;
				SDKROOT = iphoneos;
				SWIFT_COMPILATION_MODE = wholemodule;
				SWIFT_OPTIMIZATION_LEVEL = "-O";
				VALIDATE_PRODUCT = YES;
			};
			name = Release;
		};
		C3B37CD725F7B87500AA3484 /* Debug */ = {
			isa = XCBuildConfiguration;
			buildSettings = {
				ASSETCATALOG_COMPILER_APPICON_NAME = AppIcon;
				ASSETCATALOG_COMPILER_GLOBAL_ACCENT_COLOR_NAME = AccentColor;
				CODE_SIGN_STYLE = Automatic;
				DEVELOPMENT_TEAM = 248DW5J4K5;
				INFOPLIST_FILE = navigation_stack_view/Info.plist;
				LD_RUNPATH_SEARCH_PATHS = (
					"$(inherited)",
					"@executable_path/Frameworks",
				);
				PRODUCT_BUNDLE_IDENTIFIER = "com.hunseong.navigation-stack-view";
				PRODUCT_NAME = "$(TARGET_NAME)";
				SWIFT_VERSION = 5.0;
				TARGETED_DEVICE_FAMILY = "1,2";
			};
			name = Debug;
		};
		C3B37CD825F7B87500AA3484 /* Release */ = {
			isa = XCBuildConfiguration;
			buildSettings = {
				ASSETCATALOG_COMPILER_APPICON_NAME = AppIcon;
				ASSETCATALOG_COMPILER_GLOBAL_ACCENT_COLOR_NAME = AccentColor;
				CODE_SIGN_STYLE = Automatic;
				DEVELOPMENT_TEAM = 248DW5J4K5;
				INFOPLIST_FILE = navigation_stack_view/Info.plist;
				LD_RUNPATH_SEARCH_PATHS = (
					"$(inherited)",
					"@executable_path/Frameworks",
				);
				PRODUCT_BUNDLE_IDENTIFIER = "com.hunseong.navigation-stack-view";
				PRODUCT_NAME = "$(TARGET_NAME)";
				SWIFT_VERSION = 5.0;
				TARGETED_DEVICE_FAMILY = "1,2";
			};
			name = Release;
		};
/* End XCBuildConfiguration section */

/* Begin XCConfigurationList section */
		C3B37CBA25F7B87400AA3484 /* Build configuration list for PBXProject "navigation_stack_view" */ = {
			isa = XCConfigurationList;
			buildConfigurations = (
				C3B37CD425F7B87500AA3484 /* Debug */,
				C3B37CD525F7B87500AA3484 /* Release */,
			);
			defaultConfigurationIsVisible = 0;
			defaultConfigurationName = Release;
		};
		C3B37CD625F7B87500AA3484 /* Build configuration list for PBXNativeTarget "navigation_stack_view" */ = {
			isa = XCConfigurationList;
			buildConfigurations = (
				C3B37CD725F7B87500AA3484 /* Debug */,
				C3B37CD825F7B87500AA3484 /* Release */,
			);
			defaultConfigurationIsVisible = 0;
			defaultConfigurationName = Release;
		};
/* End XCConfigurationList section */

/* Begin XCVersionGroup section */
		C3B37CCB25F7B87400AA3484 /* navigation_stack_view.xcdatamodeld */ = {
			isa = XCVersionGroup;
			children = (
				C3B37CCC25F7B87400AA3484 /* navigation_stack_view.xcdatamodel */,
			);
			currentVersion = C3B37CCC25F7B87400AA3484 /* navigation_stack_view.xcdatamodel */;
			path = navigation_stack_view.xcdatamodeld;
			sourceTree = "<group>";
			versionGroupType = wrapper.xcdatamodel;
		};
/* End XCVersionGroup section */
	};
	rootObject = C3B37CB725F7B87400AA3484 /* Project object */;
}
